
Microsoft Visual Studio Solution File, Format Version 12.00
# Visual Studio 14
VisualStudioVersion = 14.0.25420.1
MinimumVisualStudioVersion = 10.0.40219.1
Project("{FAE04EC0-301F-11D3-BF4B-00C04F79EFBC}") = "GITDemo", "GITDemo\GITDemo.csproj", "{4439F4AA-4DA4-4706-8BE3-E258BB92E089}"
EndProject
Global
	GlobalSection(SolutionConfigurationPlatforms) = preSolution
		Debug|Any CPU = Debug|Any CPU
		Release|Any CPU = Release|Any CPU
	EndGlobalSection
	GlobalSection(ProjectConfigurationPlatforms) = postSolution
		{4439F4AA-4DA4-4706-8BE3-E258BB92E089}.Debug|Any CPU.ActiveCfg = Debug|Any CPU
		{4439F4AA-4DA4-4706-8BE3-E258BB92E089}.Debug|Any CPU.Build.0 = Debug|Any CPU
		{4439F4AA-4DA4-4706-8BE3-E258BB92E089}.Release|Any CPU.ActiveCfg = Release|Any CPU
		{4439F4AA-4DA4-4706-8BE3-E258BB92E089}.Release|Any CPU.Build.0 = Release|Any CPU
	EndGlobalSection
	GlobalSection(SolutionProperties) = preSolution
		HideSolutionNode = FALSE
	EndGlobalSection
EndGlobal
